{
  "name": "karnel-termux",
  "version": "4.13.12",
  "lockfileVersion": 3,
  "requires": true,
  "packages": {
    "": {
      "name": "karnel-termux",
      "version": "4.13.12",
      "hasInstallScript": true,
      "license": "MIT",
      "bin": {
        "karnel": "karnel/bin/karnel"
      },
      "engines": {
        "node": ">=14.0.0"
      }
    }
  }
}
